// !$*UTF8*$!
{
	archiveVersion = 1;
	classes = {
	};
	objectVersion = 46;
	objects = {

/* Begin PBXBuildFile section */
		07FA57F319CA1285003865A7 /* AppDelegate.swift in Sources */ = {isa = PBXBuildFile; fileRef = 07FA57F219CA1285003865A7 /* AppDelegate.swift */; };
		07FA57F619CA1285003865A7 /* StopWatch.xcdatamodeld in Sources */ = {isa = PBXBuildFile; fileRef = 07FA57F419CA1285003865A7 /* StopWatch.xcdatamodeld */; };
		07FA57F819CA1285003865A7 /* ViewController.swift in Sources */ = {isa = PBXBuildFile; fileRef = 07FA57F719CA1285003865A7 /* ViewController.swift */; };
		07FA57FB19CA1285003865A7 /* Main.storyboard in Resources */ = {isa = PBXBuildFile; fileRef = 07FA57F919CA1285003865A7 /* Main.storyboard */; };
		07FA57FD19CA1285003865A7 /* Images.xcassets in Resources */ = {isa = PBXBuildFile; fileRef = 07FA57FC19CA1285003865A7 /* Images.xcassets */; };
		07FA580919CA1285003865A7 /* StopWatchTests.swift in Sources */ = {isa = PBXBuildFile; fileRef = 07FA580819CA1285003865A7 /* StopWatchTests.swift */; };
/* End PBXBuildFile section */

/* Begin PBXContainerItemProxy section */
		07FA580319CA1285003865A7 /* PBXContainerItemProxy */ = {
			isa = PBXContainerItemProxy;
			containerPortal = 07FA57E519CA1285003865A7 /* Project object */;
			proxyType = 1;
			remoteGlobalIDString = 07FA57EC19CA1285003865A7;
			remoteInfo = StopWatch;
		};
/* End PBXContainerItemProxy section */

/* Begin PBXFileReference section */
		07FA57ED19CA1285003865A7 /* StopWatch.app */ = {isa = PBXFileReference; explicitFileType = wrapper.application; includeInIndex = 0; path = StopWatch.app; sourceTree = BUILT_PRODUCTS_DIR; };
		07FA57F119CA1285003865A7 /* Info.plist */ = {isa = PBXFileReference; lastKnownFileType = text.plist.xml; path = Info.plist; sourceTree = "<group>"; };
		07FA57F219CA1285003865A7 /* AppDelegate.swift */ = {isa = PBXFileReference; lastKnownFileType = sourcecode.swift; path = AppDelegate.swift; sourceTree = "<group>"; };
		07FA57F519CA1285003865A7 /* StopWatch.xcdatamodel */ = {isa = PBXFileReference; lastKnownFileType = wrapper.xcdatamodel; path = StopWatch.xcdatamodel; sourceTree = "<group>"; };
		07FA57F719CA1285003865A7 /* ViewController.swift */ = {isa = PBXFileReference; lastKnownFileType = sourcecode.swift; path = ViewController.swift; sourceTree = "<group>"; };
		07FA57FA19CA1285003865A7 /* Base */ = {isa = PBXFileReference; lastKnownFileType = file.storyboard; name = Base; path = Base.lproj/Main.storyboard; sourceTree = "<group>"; };
		07FA57FC19CA1285003865A7 /* Images.xcassets */ = {isa = PBXFileReference; lastKnownFileType = folder.assetcatalog; path = Images.xcassets; sourceTree = "<group>"; };
		07FA580219CA1285003865A7 /* StopWatchTests.xctest */ = {isa = PBXFileReference; explicitFileType = wrapper.cfbundle; includeInIndex = 0; path = StopWatchTests.xctest; sourceTree = BUILT_PRODUCTS_DIR; };
		07FA580719CA1285003865A7 /* Info.plist */ = {isa = PBXFileReference; lastKnownFileType = text.plist.xml; path = Info.plist; sourceTree = "<group>"; };
		07FA580819CA1285003865A7 /* StopWatchTests.swift */ = {isa = PBXFileReference; lastKnownFileType = sourcecode.swift; path = StopWatchTests.swift; sourceTree = "<group>"; };
/* End PBXFileReference section */

/* Begin PBXFrameworksBuildPhase section */
		07FA57EA19CA1285003865A7 /* Frameworks */ = {
			isa = PBXFrameworksBuildPhase;
			buildActionMask = 2147483647;
			files = (
			);
			runOnlyForDeploymentPostprocessing = 0;
		};
		07FA57FF19CA1285003865A7 /* Frameworks */ = {
			isa = PBXFrameworksBuildPhase;
			buildActionMask = 2147483647;
			files = (
			);
			runOnlyForDeploymentPostprocessing = 0;
		};
/* End PBXFrameworksBuildPhase section */

/* Begin PBXGroup section */
		07FA57E419CA1285003865A7 = {
			isa = PBXGroup;
			children = (
				07FA57EF19CA1285003865A7 /* StopWatch */,
				07FA580519CA1285003865A7 /* StopWatchTests */,
				07FA57EE19CA1285003865A7 /* Products */,
			);
			sourceTree = "<group>";
		};
		07FA57EE19CA1285003865A7 /* Products */ = {
			isa = PBXGroup;
			children = (
				07FA57ED19CA1285003865A7 /* StopWatch.app */,
				07FA580219CA1285003865A7 /* StopWatchTests.xctest */,
			);
			name = Products;
			sourceTree = "<group>";
		};
		07FA57EF19CA1285003865A7 /* StopWatch */ = {
			isa = PBXGroup;
			children = (
				07FA57F219CA1285003865A7 /* AppDelegate.swift */,
				07FA57F719CA1285003865A7 /* ViewController.swift */,
				07FA57F919CA1285003865A7 /* Main.storyboard */,
				07FA57FC19CA1285003865A7 /* Images.xcassets */,
				07FA57F419CA1285003865A7 /* StopWatch.xcdatamodeld */,
				07FA57F019CA1285003865A7 /* Supporting Files */,
			);
			path = StopWatch;
			sourceTree = "<group>";
		};
		07FA57F019CA1285003865A7 /* Supporting Files */ = {
			isa = PBXGroup;
			children = (
				07FA57F119CA1285003865A7 /* Info.plist */,
			);
			name = "Supporting Files";
			sourceTree = "<group>";
		};
		07FA580519CA1285003865A7 /* StopWatchTests */ = {
			isa = PBXGroup;
			children = (
				07FA580819CA1285003865A7 /* StopWatchTests.swift */,
				07FA580619CA1285003865A7 /* Supporting Files */,
			);
			path = StopWatchTests;
			sourceTree = "<group>";
		};
		07FA580619CA1285003865A7 /* Supporting Files */ = {
			isa = PBXGroup;
			children = (
				07FA580719CA1285003865A7 /* Info.plist */,
			);
			name = "Supporting Files";
			sourceTree = "<group>";
		};
/* End PBXGroup section */

/* Begin PBXNativeTarget section */
		07FA57EC19CA1285003865A7 /* StopWatch */ = {
			isa = PBXNativeTarget;
			buildConfigurationList = 07FA580C19CA1285003865A7 /* Build configuration list for PBXNativeTarget "StopWatch" */;
			buildPhases = (
				07FA57E919CA1285003865A7 /* Sources */,
				07FA57EA19CA1285003865A7 /* Frameworks */,
				07FA57EB19CA1285003865A7 /* Resources */,
			);
			buildRules = (
			);
			dependencies = (
			);
			name = StopWatch;
			productName = StopWatch;
			productReference = 07FA57ED19CA1285003865A7 /* StopWatch.app */;
			productType = "com.apple.product-type.application";
		};
		07FA580119CA1285003865A7 /* StopWatchTests */ = {
			isa = PBXNativeTarget;
			buildConfigurationList = 07FA580F19CA1285003865A7 /* Build configuration list for PBXNativeTarget "StopWatchTests" */;
			buildPhases = (
				07FA57FE19CA1285003865A7 /* Sources */,
				07FA57FF19CA1285003865A7 /* Frameworks */,
				07FA580019CA1285003865A7 /* Resources */,
			);
			buildRules = (
			);
			dependencies = (
				07FA580419CA1285003865A7 /* PBXTargetDependency */,
			);
			name = StopWatchTests;
			productName = StopWatchTests;
			productReference = 07FA580219CA1285003865A7 /* StopWatchTests.xctest */;
			productType = "com.apple.product-type.bundle.unit-test";
		};
/* End PBXNativeTarget section */

/* Begin PBXProject section */
		07FA57E519CA1285003865A7 /* Project object */ = {
			isa = PBXProject;
			attributes = {
				LastUpgradeCheck = 0600;
				ORGANIZATIONNAME = "Mihir Kelkar";
				TargetAttributes = {
					07FA57EC19CA1285003865A7 = {
						CreatedOnToolsVersion = 6.0;
					};
					07FA580119CA1285003865A7 = {
						CreatedOnToolsVersion = 6.0;
						TestTargetID = 07FA57EC19CA1285003865A7;
					};
				};
			};
			buildConfigurationList = 07FA57E819CA1285003865A7 /* Build configuration list for PBXProject "StopWatch" */;
			compatibilityVersion = "Xcode 3.2";
			developmentRegion = English;
			hasScannedForEncodings = 0;
			knownRegions = (
				en,
				Base,
			);
			mainGroup = 07FA57E419CA1285003865A7;
			productRefGroup = 07FA57EE19CA1285003865A7 /* Products */;
			projectDirPath = "";
			projectRoot = "";
			targets = (
				07FA57EC19CA1285003865A7 /* StopWatch */,
				07FA580119CA1285003865A7 /* StopWatchTests */,
			);
		};
/* End PBXProject section */

/* Begin PBXResourcesBuildPhase section */
		07FA57EB19CA1285003865A7 /* Resources */ = {
			isa = PBXResourcesBuildPhase;
			buildActionMask = 2147483647;
			files = (
				07FA57FB19CA1285003865A7 /* Main.storyboard in Resources */,
				07FA57FD19CA1285003865A7 /* Images.xcassets in Resources */,
			);
			runOnlyForDeploymentPostprocessing = 0;
		};
		07FA580019CA1285003865A7 /* Resources */ = {
			isa = PBXResourcesBuildPhase;
			buildActionMask = 2147483647;
			files = (
			);
			runOnlyForDeploymentPostprocessing = 0;
		};
/* End PBXResourcesBuildPhase section */

/* Begin PBXSourcesBuildPhase section */
		07FA57E919CA1285003865A7 /* Sources */ = {
			isa = PBXSourcesBuildPhase;
			buildActionMask = 2147483647;
			files = (
				07FA57F819CA1285003865A7 /* ViewController.swift in Sources */,
				07FA57F319CA1285003865A7 /* AppDelegate.swift in Sources */,
				07FA57F619CA1285003865A7 /* StopWatch.xcdatamodeld in Sources */,
			);
			runOnlyForDeploymentPostprocessing = 0;
		};
		07FA57FE19CA1285003865A7 /* Sources */ = {
			isa = PBXSourcesBuildPhase;
			buildActionMask = 2147483647;
			files = (
				07FA580919CA1285003865A7 /* StopWatchTests.swift in Sources */,
			);
			runOnlyForDeploymentPostprocessing = 0;
		};
/* End PBXSourcesBuildPhase section */

/* Begin PBXTargetDependency section */
		07FA580419CA1285003865A7 /* PBXTargetDependency */ = {
			isa = PBXTargetDependency;
			target = 07FA57EC19CA1285003865A7 /* StopWatch */;
			targetProxy = 07FA580319CA1285003865A7 /* PBXContainerItemProxy */;
		};
/* End PBXTargetDependency section */

/* Begin PBXVariantGroup section */
		07FA57F919CA1285003865A7 /* Main.storyboard */ = {
			isa = PBXVariantGroup;
			children = (
				07FA57FA19CA1285003865A7 /* Base */,
			);
			name = Main.storyboard;
			sourceTree = "<group>";
		};
/* End PBXVariantGroup section */

/* Begin XCBuildConfiguration section */
		07FA580A19CA1285003865A7 /* Debug */ = {
			isa = XCBuildConfiguration;
			buildSettings = {
				ALWAYS_SEARCH_USER_PATHS = NO;
				CLANG_CXX_LANGUAGE_STANDARD = "gnu++0x";
				CLANG_CXX_LIBRARY = "libc++";
				CLANG_ENABLE_MODULES = YES;
				CLANG_ENABLE_OBJC_ARC = YES;
				CLANG_WARN_BOOL_CONVERSION = YES;
				CLANG_WARN_CONSTANT_CONVERSION = YES;
				CLANG_WARN_DIRECT_OBJC_ISA_USAGE = YES_ERROR;
				CLANG_WARN_EMPTY_BODY = YES;
				CLANG_WARN_ENUM_CONVERSION = YES;
				CLANG_WARN_INT_CONVERSION = YES;
				CLANG_WARN_OBJC_ROOT_CLASS = YES_ERROR;
				CLANG_WARN_UNREACHABLE_CODE = YES;
				CLANG_WARN__DUPLICATE_METHOD_MATCH = YES;
				"CODE_SIGN_IDENTITY[sdk=iphoneos*]" = "iPhone Developer";
				COPY_PHASE_STRIP = NO;
				ENABLE_STRICT_OBJC_MSGSEND = YES;
				GCC_C_LANGUAGE_STANDARD = gnu99;
				GCC_DYNAMIC_NO_PIC = NO;
				GCC_OPTIMIZATION_LEVEL = 0;
				GCC_PREPROCESSOR_DEFINITIONS = (
					"DEBUG=1",
					"$(inherited)",
				);
				GCC_SYMBOLS_PRIVATE_EXTERN = NO;
				GCC_WARN_64_TO_32_BIT_CONVERSION = YES;
				GCC_WARN_ABOUT_RETURN_TYPE = YES_ERROR;
				GCC_WARN_UNDECLARED_SELECTOR = YES;
				GCC_WARN_UNINITIALIZED_AUTOS = YES_AGGRESSIVE;
				GCC_WARN_UNUSED_FUNCTION = YES;
				GCC_WARN_UNUSED_VARIABLE = YES;
				IPHONEOS_DEPLOYMENT_TARGET = 8.0;
				MTL_ENABLE_DEBUG_INFO = YES;
				ONLY_ACTIVE_ARCH = YES;
				SDKROOT = iphoneos;
				SWIFT_OPTIMIZATION_LEVEL = "-Onone";
			};
			name = Debug;
		};
		07FA580B19CA1285003865A7 /* Release */ = {
			isa = XCBuildConfiguration;
			buildSettings = {
				ALWAYS_SEARCH_USER_PATHS = NO;
				CLANG_CXX_LANGUAGE_STANDARD = "gnu++0x";
				CLANG_CXX_LIBRARY = "libc++";
				CLANG_ENABLE_MODULES = YES;
				CLANG_ENABLE_OBJC_ARC = YES;
				CLANG_WARN_BOOL_CONVERSION = YES;
				CLANG_WARN_CONSTANT_CONVERSION = YES;
				CLANG_WARN_DIRECT_OBJC_ISA_USAGE = YES_ERROR;
				CLANG_WARN_EMPTY_BODY = YES;
				CLANG_WARN_ENUM_CONVERSION = YES;
				CLANG_WARN_INT_CONVERSION = YES;
				CLANG_WARN_OBJC_ROOT_CLASS = YES_ERROR;
				CLANG_WARN_UNREACHABLE_CODE = YES;
				CLANG_WARN__DUPLICATE_METHOD_MATCH = YES;
				"CODE_SIGN_IDENTITY[sdk=iphoneos*]" = "iPhone Developer";
				COPY_PHASE_STRIP = YES;
				ENABLE_NS_ASSERTIONS = NO;
				ENABLE_STRICT_OBJC_MSGSEND = YES;
				GCC_C_LANGUAGE_STANDARD = gnu99;
				GCC_WARN_64_TO_32_BIT_CONVERSION = YES;
				GCC_WARN_ABOUT_RETURN_TYPE = YES_ERROR;
				GCC_WARN_UNDECLARED_SELECTOR = YES;
				GCC_WARN_UNINITIALIZED_AUTOS = YES_AGGRESSIVE;
				GCC_WARN_UNUSED_FUNCTION = YES;
				GCC_WARN_UNUSED_VARIABLE = YES;
				IPHONEOS_DEPLOYMENT_TARGET = 8.0;
				MTL_ENABLE_DEBUG_INFO = NO;
				SDKROOT = iphoneos;
				VALIDATE_PRODUCT = YES;
			};
			name = Release;
		};
		07FA580D19CA1285003865A7 /* Debug */ = {
			isa = XCBuildConfiguration;
			buildSettings = {
				ASSETCATALOG_COMPILER_APPICON_NAME = AppIcon;
				ASSETCATALOG_COMPILER_LAUNCHIMAGE_NAME = LaunchImage;
				INFOPLIST_FILE = StopWatch/Info.plist;
				LD_RUNPATH_SEARCH_PATHS = "$(inherited) @executable_path/Frameworks";
				PRODUCT_NAME = "$(TARGET_NAME)";
			};
			name = Debug;
		};
		07FA580E19CA1285003865A7 /* Release */ = {
			isa = XCBuildConfiguration;
			buildSettings = {
				ASSETCATALOG_COMPILER_APPICON_NAME = AppIcon;
				ASSETCATALOG_COMPILER_LAUNCHIMAGE_NAME = LaunchImage;
				INFOPLIST_FILE = StopWatch/Info.plist;
				LD_RUNPATH_SEARCH_PATHS = "$(inherited) @executable_path/Frameworks";
				PRODUCT_NAME = "$(TARGET_NAME)";
			};
			name = Release;
		};
		07FA581019CA1285003865A7 /* Debug */ = {
			isa = XCBuildConfiguration;
			buildSettings = {
				BUNDLE_LOADER = "$(BUILT_PRODUCTS_DIR)/StopWatch.app/StopWatch";
				FRAMEWORK_SEARCH_PATHS = (
					"$(SDKROOT)/Developer/Library/Frameworks",
					"$(inherited)",
				);
				GCC_PREPROCESSOR_DEFINITIONS = (
					"DEBUG=1",
					"$(inherited)",
				);
				INFOPLIST_FILE = StopWatchTests/Info.plist;
				LD_RUNPATH_SEARCH_PATHS = "$(inherited) @executable_path/Frameworks @loader_path/Frameworks";
				PRODUCT_NAME = "$(TARGET_NAME)";
				TEST_HOST = "$(BUNDLE_LOADER)";
			};
			name = Debug;
		};
		07FA581119CA1285003865A7 /* Release */ = {
			isa = XCBuildConfiguration;
			buildSettings = {
				BUNDLE_LOADER = "$(BUILT_PRODUCTS_DIR)/StopWatch.app/StopWatch";
				FRAMEWORK_SEARCH_PATHS = (
					"$(SDKROOT)/Developer/Library/Frameworks",
					"$(inherited)",
				);
				INFOPLIST_FILE = StopWatchTests/Info.plist;
				LD_RUNPATH_SEARCH_PATHS = "$(inherited) @executable_path/Frameworks @loader_path/Frameworks";
				PRODUCT_NAME = "$(TARGET_NAME)";
				TEST_HOST = "$(BUNDLE_LOADER)";
			};
			name = Release;
		};
/* End XCBuildConfiguration section */

/* Begin XCConfigurationList section */
		07FA57E819CA1285003865A7 /* Build configuration list for PBXProject "StopWatch" */ = {
			isa = XCConfigurationList;
			buildConfigurations = (
				07FA580A19CA1285003865A7 /* Debug */,
				07FA580B19CA1285003865A7 /* Release */,
			);
			defaultConfigurationIsVisible = 0;
			defaultConfigurationName = Release;
		};
		07FA580C19CA1285003865A7 /* Build configuration list for PBXNativeTarget "StopWatch" */ = {
			isa = XCConfigurationList;
			buildConfigurations = (
				07FA580D19CA1285003865A7 /* Debug */,
				07FA580E19CA1285003865A7 /* Release */,
			);
			defaultConfigurationIsVisible = 0;
		};
		07FA580F19CA1285003865A7 /* Build configuration list for PBXNativeTarget "StopWatchTests" */ = {
			isa = XCConfigurationList;
			buildConfigurations = (
				07FA581019CA1285003865A7 /* Debug */,
				07FA581119CA1285003865A7 /* Release */,
			);
			defaultConfigurationIsVisible = 0;
		};
/* End XCConfigurationList section */

/* Begin XCVersionGroup section */
		07FA57F419CA1285003865A7 /* StopWatch.xcdatamodeld */ = {
			isa = XCVersionGroup;
			children = (
				07FA57F519CA1285003865A7 /* StopWatch.xcdatamodel */,
			);
			currentVersion = 07FA57F519CA1285003865A7 /* StopWatch.xcdatamodel */;
			path = StopWatch.xcdatamodeld;
			sourceTree = "<group>";
			versionGroupType = wrapper.xcdatamodel;
		};
/* End XCVersionGroup section */
	};
	rootObject = 07FA57E519CA1285003865A7 /* Project object */;
}
