// !$*UTF8*$!
{
	archiveVersion = 1;
	classes = {
	};
	objectVersion = 46;
	objects = {

/* Begin PBXBuildFile section */
		07B1E2B91971F2BA0034445B /* AppDelegate.swift in Sources */ = {isa = PBXBuildFile; fileRef = 07B1E2B81971F2BA0034445B /* AppDelegate.swift */; };
		07B1E2BC1971F2BA0034445B /* GreFlashCards.xcdatamodeld in Sources */ = {isa = PBXBuildFile; fileRef = 07B1E2BA1971F2BA0034445B /* GreFlashCards.xcdatamodeld */; };
		07B1E2BE1971F2BA0034445B /* ViewController.swift in Sources */ = {isa = PBXBuildFile; fileRef = 07B1E2BD1971F2BA0034445B /* ViewController.swift */; };
		07B1E2C11971F2BA0034445B /* Main.storyboard in Resources */ = {isa = PBXBuildFile; fileRef = 07B1E2BF1971F2BA0034445B /* Main.storyboard */; };
		07B1E2C31971F2BA0034445B /* Images.xcassets in Resources */ = {isa = PBXBuildFile; fileRef = 07B1E2C21971F2BA0034445B /* Images.xcassets */; };
		07B1E2CF1971F2BA0034445B /* GreFlashCardsTests.swift in Sources */ = {isa = PBXBuildFile; fileRef = 07B1E2CE1971F2BA0034445B /* GreFlashCardsTests.swift */; };
/* End PBXBuildFile section */

/* Begin PBXContainerItemProxy section */
		07B1E2C91971F2BA0034445B /* PBXContainerItemProxy */ = {
			isa = PBXContainerItemProxy;
			containerPortal = 07B1E2AB1971F2BA0034445B /* Project object */;
			proxyType = 1;
			remoteGlobalIDString = 07B1E2B21971F2BA0034445B;
			remoteInfo = GreFlashCards;
		};
/* End PBXContainerItemProxy section */

/* Begin PBXFileReference section */
		07B1E2B31971F2BA0034445B /* GreFlashCards.app */ = {isa = PBXFileReference; explicitFileType = wrapper.application; includeInIndex = 0; path = GreFlashCards.app; sourceTree = BUILT_PRODUCTS_DIR; };
		07B1E2B71971F2BA0034445B /* Info.plist */ = {isa = PBXFileReference; lastKnownFileType = text.plist.xml; path = Info.plist; sourceTree = "<group>"; };
		07B1E2B81971F2BA0034445B /* AppDelegate.swift */ = {isa = PBXFileReference; lastKnownFileType = sourcecode.swift; path = AppDelegate.swift; sourceTree = "<group>"; };
		07B1E2BB1971F2BA0034445B /* GreFlashCards.xcdatamodel */ = {isa = PBXFileReference; lastKnownFileType = wrapper.xcdatamodel; path = GreFlashCards.xcdatamodel; sourceTree = "<group>"; };
		07B1E2BD1971F2BA0034445B /* ViewController.swift */ = {isa = PBXFileReference; lastKnownFileType = sourcecode.swift; path = ViewController.swift; sourceTree = "<group>"; };
		07B1E2C01971F2BA0034445B /* Base */ = {isa = PBXFileReference; lastKnownFileType = file.storyboard; name = Base; path = Base.lproj/Main.storyboard; sourceTree = "<group>"; };
		07B1E2C21971F2BA0034445B /* Images.xcassets */ = {isa = PBXFileReference; lastKnownFileType = folder.assetcatalog; path = Images.xcassets; sourceTree = "<group>"; };
		07B1E2C81971F2BA0034445B /* GreFlashCardsTests.xctest */ = {isa = PBXFileReference; explicitFileType = wrapper.cfbundle; includeInIndex = 0; path = GreFlashCardsTests.xctest; sourceTree = BUILT_PRODUCTS_DIR; };
		07B1E2CD1971F2BA0034445B /* Info.plist */ = {isa = PBXFileReference; lastKnownFileType = text.plist.xml; path = Info.plist; sourceTree = "<group>"; };
		07B1E2CE1971F2BA0034445B /* GreFlashCardsTests.swift */ = {isa = PBXFileReference; lastKnownFileType = sourcecode.swift; path = GreFlashCardsTests.swift; sourceTree = "<group>"; };
/* End PBXFileReference section */

/* Begin PBXFrameworksBuildPhase section */
		07B1E2B01971F2BA0034445B /* Frameworks */ = {
			isa = PBXFrameworksBuildPhase;
			buildActionMask = 2147483647;
			files = (
			);
			runOnlyForDeploymentPostprocessing = 0;
		};
		07B1E2C51971F2BA0034445B /* Frameworks */ = {
			isa = PBXFrameworksBuildPhase;
			buildActionMask = 2147483647;
			files = (
			);
			runOnlyForDeploymentPostprocessing = 0;
		};
/* End PBXFrameworksBuildPhase section */

/* Begin PBXGroup section */
		07B1E2AA1971F2BA0034445B = {
			isa = PBXGroup;
			children = (
				07B1E2B51971F2BA0034445B /* GreFlashCards */,
				07B1E2CB1971F2BA0034445B /* GreFlashCardsTests */,
				07B1E2B41971F2BA0034445B /* Products */,
			);
			sourceTree = "<group>";
		};
		07B1E2B41971F2BA0034445B /* Products */ = {
			isa = PBXGroup;
			children = (
				07B1E2B31971F2BA0034445B /* GreFlashCards.app */,
				07B1E2C81971F2BA0034445B /* GreFlashCardsTests.xctest */,
			);
			name = Products;
			sourceTree = "<group>";
		};
		07B1E2B51971F2BA0034445B /* GreFlashCards */ = {
			isa = PBXGroup;
			children = (
				07B1E2B81971F2BA0034445B /* AppDelegate.swift */,
				07B1E2BD1971F2BA0034445B /* ViewController.swift */,
				07B1E2BF1971F2BA0034445B /* Main.storyboard */,
				07B1E2C21971F2BA0034445B /* Images.xcassets */,
				07B1E2BA1971F2BA0034445B /* GreFlashCards.xcdatamodeld */,
				07B1E2B61971F2BA0034445B /* Supporting Files */,
			);
			path = GreFlashCards;
			sourceTree = "<group>";
		};
		07B1E2B61971F2BA0034445B /* Supporting Files */ = {
			isa = PBXGroup;
			children = (
				07B1E2B71971F2BA0034445B /* Info.plist */,
			);
			name = "Supporting Files";
			sourceTree = "<group>";
		};
		07B1E2CB1971F2BA0034445B /* GreFlashCardsTests */ = {
			isa = PBXGroup;
			children = (
				07B1E2CE1971F2BA0034445B /* GreFlashCardsTests.swift */,
				07B1E2CC1971F2BA0034445B /* Supporting Files */,
			);
			path = GreFlashCardsTests;
			sourceTree = "<group>";
		};
		07B1E2CC1971F2BA0034445B /* Supporting Files */ = {
			isa = PBXGroup;
			children = (
				07B1E2CD1971F2BA0034445B /* Info.plist */,
			);
			name = "Supporting Files";
			sourceTree = "<group>";
		};
/* End PBXGroup section */

/* Begin PBXNativeTarget section */
		07B1E2B21971F2BA0034445B /* GreFlashCards */ = {
			isa = PBXNativeTarget;
			buildConfigurationList = 07B1E2D21971F2BA0034445B /* Build configuration list for PBXNativeTarget "GreFlashCards" */;
			buildPhases = (
				07B1E2AF1971F2BA0034445B /* Sources */,
				07B1E2B01971F2BA0034445B /* Frameworks */,
				07B1E2B11971F2BA0034445B /* Resources */,
			);
			buildRules = (
			);
			dependencies = (
			);
			name = GreFlashCards;
			productName = GreFlashCards;
			productReference = 07B1E2B31971F2BA0034445B /* GreFlashCards.app */;
			productType = "com.apple.product-type.application";
		};
		07B1E2C71971F2BA0034445B /* GreFlashCardsTests */ = {
			isa = PBXNativeTarget;
			buildConfigurationList = 07B1E2D51971F2BA0034445B /* Build configuration list for PBXNativeTarget "GreFlashCardsTests" */;
			buildPhases = (
				07B1E2C41971F2BA0034445B /* Sources */,
				07B1E2C51971F2BA0034445B /* Frameworks */,
				07B1E2C61971F2BA0034445B /* Resources */,
			);
			buildRules = (
			);
			dependencies = (
				07B1E2CA1971F2BA0034445B /* PBXTargetDependency */,
			);
			name = GreFlashCardsTests;
			productName = GreFlashCardsTests;
			productReference = 07B1E2C81971F2BA0034445B /* GreFlashCardsTests.xctest */;
			productType = "com.apple.product-type.bundle.unit-test";
		};
/* End PBXNativeTarget section */

/* Begin PBXProject section */
		07B1E2AB1971F2BA0034445B /* Project object */ = {
			isa = PBXProject;
			attributes = {
				LastUpgradeCheck = 0600;
				ORGANIZATIONNAME = "Mihir Kelkar";
				TargetAttributes = {
					07B1E2B21971F2BA0034445B = {
						CreatedOnToolsVersion = 6.0;
					};
					07B1E2C71971F2BA0034445B = {
						CreatedOnToolsVersion = 6.0;
						TestTargetID = 07B1E2B21971F2BA0034445B;
					};
				};
			};
			buildConfigurationList = 07B1E2AE1971F2BA0034445B /* Build configuration list for PBXProject "GreFlashCards" */;
			compatibilityVersion = "Xcode 3.2";
			developmentRegion = English;
			hasScannedForEncodings = 0;
			knownRegions = (
				en,
				Base,
			);
			mainGroup = 07B1E2AA1971F2BA0034445B;
			productRefGroup = 07B1E2B41971F2BA0034445B /* Products */;
			projectDirPath = "";
			projectRoot = "";
			targets = (
				07B1E2B21971F2BA0034445B /* GreFlashCards */,
				07B1E2C71971F2BA0034445B /* GreFlashCardsTests */,
			);
		};
/* End PBXProject section */

/* Begin PBXResourcesBuildPhase section */
		07B1E2B11971F2BA0034445B /* Resources */ = {
			isa = PBXResourcesBuildPhase;
			buildActionMask = 2147483647;
			files = (
				07B1E2C11971F2BA0034445B /* Main.storyboard in Resources */,
				07B1E2C31971F2BA0034445B /* Images.xcassets in Resources */,
			);
			runOnlyForDeploymentPostprocessing = 0;
		};
		07B1E2C61971F2BA0034445B /* Resources */ = {
			isa = PBXResourcesBuildPhase;
			buildActionMask = 2147483647;
			files = (
			);
			runOnlyForDeploymentPostprocessing = 0;
		};
/* End PBXResourcesBuildPhase section */

/* Begin PBXSourcesBuildPhase section */
		07B1E2AF1971F2BA0034445B /* Sources */ = {
			isa = PBXSourcesBuildPhase;
			buildActionMask = 2147483647;
			files = (
				07B1E2BE1971F2BA0034445B /* ViewController.swift in Sources */,
				07B1E2B91971F2BA0034445B /* AppDelegate.swift in Sources */,
				07B1E2BC1971F2BA0034445B /* GreFlashCards.xcdatamodeld in Sources */,
			);
			runOnlyForDeploymentPostprocessing = 0;
		};
		07B1E2C41971F2BA0034445B /* Sources */ = {
			isa = PBXSourcesBuildPhase;
			buildActionMask = 2147483647;
			files = (
				07B1E2CF1971F2BA0034445B /* GreFlashCardsTests.swift in Sources */,
			);
			runOnlyForDeploymentPostprocessing = 0;
		};
/* End PBXSourcesBuildPhase section */

/* Begin PBXTargetDependency section */
		07B1E2CA1971F2BA0034445B /* PBXTargetDependency */ = {
			isa = PBXTargetDependency;
			target = 07B1E2B21971F2BA0034445B /* GreFlashCards */;
			targetProxy = 07B1E2C91971F2BA0034445B /* PBXContainerItemProxy */;
		};
/* End PBXTargetDependency section */

/* Begin PBXVariantGroup section */
		07B1E2BF1971F2BA0034445B /* Main.storyboard */ = {
			isa = PBXVariantGroup;
			children = (
				07B1E2C01971F2BA0034445B /* Base */,
			);
			name = Main.storyboard;
			sourceTree = "<group>";
		};
/* End PBXVariantGroup section */

/* Begin XCBuildConfiguration section */
		07B1E2D01971F2BA0034445B /* Debug */ = {
			isa = XCBuildConfiguration;
			buildSettings = {
				ALWAYS_SEARCH_USER_PATHS = NO;
				CLANG_CXX_LANGUAGE_STANDARD = "gnu++0x";
				CLANG_CXX_LIBRARY = "libc++";
				CLANG_ENABLE_MODULES = YES;
				CLANG_ENABLE_OBJC_ARC = YES;
				CLANG_WARN_BOOL_CONVERSION = YES;
				CLANG_WARN_CONSTANT_CONVERSION = YES;
				CLANG_WARN_DIRECT_OBJC_ISA_USAGE = YES_ERROR;
				CLANG_WARN_EMPTY_BODY = YES;
				CLANG_WARN_ENUM_CONVERSION = YES;
				CLANG_WARN_INT_CONVERSION = YES;
				CLANG_WARN_OBJC_ROOT_CLASS = YES_ERROR;
				CLANG_WARN_UNREACHABLE_CODE = YES;
				CLANG_WARN__DUPLICATE_METHOD_MATCH = YES;
				"CODE_SIGN_IDENTITY[sdk=iphoneos*]" = "iPhone Developer";
				COPY_PHASE_STRIP = NO;
				ENABLE_STRICT_OBJC_MSGSEND = YES;
				GCC_C_LANGUAGE_STANDARD = gnu99;
				GCC_DYNAMIC_NO_PIC = NO;
				GCC_OPTIMIZATION_LEVEL = 0;
				GCC_PREPROCESSOR_DEFINITIONS = (
					"DEBUG=1",
					"$(inherited)",
				);
				GCC_SYMBOLS_PRIVATE_EXTERN = NO;
				GCC_WARN_64_TO_32_BIT_CONVERSION = YES;
				GCC_WARN_ABOUT_RETURN_TYPE = YES_ERROR;
				GCC_WARN_UNDECLARED_SELECTOR = YES;
				GCC_WARN_UNINITIALIZED_AUTOS = YES_AGGRESSIVE;
				GCC_WARN_UNUSED_FUNCTION = YES;
				GCC_WARN_UNUSED_VARIABLE = YES;
				IPHONEOS_DEPLOYMENT_TARGET = 8.0;
				METAL_ENABLE_DEBUG_INFO = YES;
				ONLY_ACTIVE_ARCH = YES;
				SDKROOT = iphoneos;
				SWIFT_OPTIMIZATION_LEVEL = "-Onone";
				TARGETED_DEVICE_FAMILY = "1,2";
			};
			name = Debug;
		};
		07B1E2D11971F2BA0034445B /* Release */ = {
			isa = XCBuildConfiguration;
			buildSettings = {
				ALWAYS_SEARCH_USER_PATHS = NO;
				CLANG_CXX_LANGUAGE_STANDARD = "gnu++0x";
				CLANG_CXX_LIBRARY = "libc++";
				CLANG_ENABLE_MODULES = YES;
				CLANG_ENABLE_OBJC_ARC = YES;
				CLANG_WARN_BOOL_CONVERSION = YES;
				CLANG_WARN_CONSTANT_CONVERSION = YES;
				CLANG_WARN_DIRECT_OBJC_ISA_USAGE = YES_ERROR;
				CLANG_WARN_EMPTY_BODY = YES;
				CLANG_WARN_ENUM_CONVERSION = YES;
				CLANG_WARN_INT_CONVERSION = YES;
				CLANG_WARN_OBJC_ROOT_CLASS = YES_ERROR;
				CLANG_WARN_UNREACHABLE_CODE = YES;
				CLANG_WARN__DUPLICATE_METHOD_MATCH = YES;
				"CODE_SIGN_IDENTITY[sdk=iphoneos*]" = "iPhone Developer";
				COPY_PHASE_STRIP = YES;
				ENABLE_NS_ASSERTIONS = NO;
				ENABLE_STRICT_OBJC_MSGSEND = YES;
				GCC_C_LANGUAGE_STANDARD = gnu99;
				GCC_WARN_64_TO_32_BIT_CONVERSION = YES;
				GCC_WARN_ABOUT_RETURN_TYPE = YES_ERROR;
				GCC_WARN_UNDECLARED_SELECTOR = YES;
				GCC_WARN_UNINITIALIZED_AUTOS = YES_AGGRESSIVE;
				GCC_WARN_UNUSED_FUNCTION = YES;
				GCC_WARN_UNUSED_VARIABLE = YES;
				IPHONEOS_DEPLOYMENT_TARGET = 8.0;
				METAL_ENABLE_DEBUG_INFO = NO;
				SDKROOT = iphoneos;
				TARGETED_DEVICE_FAMILY = "1,2";
				VALIDATE_PRODUCT = YES;
			};
			name = Release;
		};
		07B1E2D31971F2BA0034445B /* Debug */ = {
			isa = XCBuildConfiguration;
			buildSettings = {
				ASSETCATALOG_COMPILER_APPICON_NAME = AppIcon;
				ASSETCATALOG_COMPILER_LAUNCHIMAGE_NAME = LaunchImage;
				INFOPLIST_FILE = GreFlashCards/Info.plist;
				LD_RUNPATH_SEARCH_PATHS = "$(inherited) @executable_path/Frameworks";
				PRODUCT_NAME = "$(TARGET_NAME)";
			};
			name = Debug;
		};
		07B1E2D41971F2BA0034445B /* Release */ = {
			isa = XCBuildConfiguration;
			buildSettings = {
				ASSETCATALOG_COMPILER_APPICON_NAME = AppIcon;
				ASSETCATALOG_COMPILER_LAUNCHIMAGE_NAME = LaunchImage;
				INFOPLIST_FILE = GreFlashCards/Info.plist;
				LD_RUNPATH_SEARCH_PATHS = "$(inherited) @executable_path/Frameworks";
				PRODUCT_NAME = "$(TARGET_NAME)";
			};
			name = Release;
		};
		07B1E2D61971F2BA0034445B /* Debug */ = {
			isa = XCBuildConfiguration;
			buildSettings = {
				BUNDLE_LOADER = "$(BUILT_PRODUCTS_DIR)/GreFlashCards.app/GreFlashCards";
				FRAMEWORK_SEARCH_PATHS = (
					"$(SDKROOT)/Developer/Library/Frameworks",
					"$(inherited)",
				);
				GCC_PREPROCESSOR_DEFINITIONS = (
					"DEBUG=1",
					"$(inherited)",
				);
				INFOPLIST_FILE = GreFlashCardsTests/Info.plist;
				LD_RUNPATH_SEARCH_PATHS = "$(inherited) @executable_path/Frameworks @loader_path/Frameworks";
				METAL_ENABLE_DEBUG_INFO = YES;
				PRODUCT_NAME = "$(TARGET_NAME)";
				TEST_HOST = "$(BUNDLE_LOADER)";
			};
			name = Debug;
		};
		07B1E2D71971F2BA0034445B /* Release */ = {
			isa = XCBuildConfiguration;
			buildSettings = {
				BUNDLE_LOADER = "$(BUILT_PRODUCTS_DIR)/GreFlashCards.app/GreFlashCards";
				FRAMEWORK_SEARCH_PATHS = (
					"$(SDKROOT)/Developer/Library/Frameworks",
					"$(inherited)",
				);
				INFOPLIST_FILE = GreFlashCardsTests/Info.plist;
				LD_RUNPATH_SEARCH_PATHS = "$(inherited) @executable_path/Frameworks @loader_path/Frameworks";
				METAL_ENABLE_DEBUG_INFO = NO;
				PRODUCT_NAME = "$(TARGET_NAME)";
				TEST_HOST = "$(BUNDLE_LOADER)";
			};
			name = Release;
		};
/* End XCBuildConfiguration section */

/* Begin XCConfigurationList section */
		07B1E2AE1971F2BA0034445B /* Build configuration list for PBXProject "GreFlashCards" */ = {
			isa = XCConfigurationList;
			buildConfigurations = (
				07B1E2D01971F2BA0034445B /* Debug */,
				07B1E2D11971F2BA0034445B /* Release */,
			);
			defaultConfigurationIsVisible = 0;
			defaultConfigurationName = Release;
		};
		07B1E2D21971F2BA0034445B /* Build configuration list for PBXNativeTarget "GreFlashCards" */ = {
			isa = XCConfigurationList;
			buildConfigurations = (
				07B1E2D31971F2BA0034445B /* Debug */,
				07B1E2D41971F2BA0034445B /* Release */,
			);
			defaultConfigurationIsVisible = 0;
		};
		07B1E2D51971F2BA0034445B /* Build configuration list for PBXNativeTarget "GreFlashCardsTests" */ = {
			isa = XCConfigurationList;
			buildConfigurations = (
				07B1E2D61971F2BA0034445B /* Debug */,
				07B1E2D71971F2BA0034445B /* Release */,
			);
			defaultConfigurationIsVisible = 0;
		};
/* End XCConfigurationList section */

/* Begin XCVersionGroup section */
		07B1E2BA1971F2BA0034445B /* GreFlashCards.xcdatamodeld */ = {
			isa = XCVersionGroup;
			children = (
				07B1E2BB1971F2BA0034445B /* GreFlashCards.xcdatamodel */,
			);
			currentVersion = 07B1E2BB1971F2BA0034445B /* GreFlashCards.xcdatamodel */;
			path = GreFlashCards.xcdatamodeld;
			sourceTree = "<group>";
			versionGroupType = wrapper.xcdatamodel;
		};
/* End XCVersionGroup section */
	};
	rootObject = 07B1E2AB1971F2BA0034445B /* Project object */;
}
