// !$*UTF8*$!
{
	archiveVersion = 1;
	classes = {
	};
	objectVersion = 46;
	objects = {

/* Begin PBXBuildFile section */
		07B1E22B1971EA460034445B /* AppDelegate.swift in Sources */ = {isa = PBXBuildFile; fileRef = 07B1E22A1971EA460034445B /* AppDelegate.swift */; };
		07B1E22E1971EA460034445B /* LocationFinder.xcdatamodeld in Sources */ = {isa = PBXBuildFile; fileRef = 07B1E22C1971EA460034445B /* LocationFinder.xcdatamodeld */; };
		07B1E2301971EA460034445B /* ViewController.swift in Sources */ = {isa = PBXBuildFile; fileRef = 07B1E22F1971EA460034445B /* ViewController.swift */; };
		07B1E2331971EA460034445B /* Main.storyboard in Resources */ = {isa = PBXBuildFile; fileRef = 07B1E2311971EA460034445B /* Main.storyboard */; };
		07B1E2351971EA460034445B /* Images.xcassets in Resources */ = {isa = PBXBuildFile; fileRef = 07B1E2341971EA460034445B /* Images.xcassets */; };
		07B1E2411971EA460034445B /* LocationFinderTests.swift in Sources */ = {isa = PBXBuildFile; fileRef = 07B1E2401971EA460034445B /* LocationFinderTests.swift */; };
/* End PBXBuildFile section */

/* Begin PBXContainerItemProxy section */
		07B1E23B1971EA460034445B /* PBXContainerItemProxy */ = {
			isa = PBXContainerItemProxy;
			containerPortal = 07B1E21D1971EA460034445B /* Project object */;
			proxyType = 1;
			remoteGlobalIDString = 07B1E2241971EA460034445B;
			remoteInfo = LocationFinder;
		};
/* End PBXContainerItemProxy section */

/* Begin PBXFileReference section */
		07B1E2251971EA460034445B /* LocationFinder.app */ = {isa = PBXFileReference; explicitFileType = wrapper.application; includeInIndex = 0; path = LocationFinder.app; sourceTree = BUILT_PRODUCTS_DIR; };
		07B1E2291971EA460034445B /* Info.plist */ = {isa = PBXFileReference; lastKnownFileType = text.plist.xml; path = Info.plist; sourceTree = "<group>"; };
		07B1E22A1971EA460034445B /* AppDelegate.swift */ = {isa = PBXFileReference; lastKnownFileType = sourcecode.swift; path = AppDelegate.swift; sourceTree = "<group>"; };
		07B1E22D1971EA460034445B /* LocationFinder.xcdatamodel */ = {isa = PBXFileReference; lastKnownFileType = wrapper.xcdatamodel; path = LocationFinder.xcdatamodel; sourceTree = "<group>"; };
		07B1E22F1971EA460034445B /* ViewController.swift */ = {isa = PBXFileReference; lastKnownFileType = sourcecode.swift; path = ViewController.swift; sourceTree = "<group>"; };
		07B1E2321971EA460034445B /* Base */ = {isa = PBXFileReference; lastKnownFileType = file.storyboard; name = Base; path = Base.lproj/Main.storyboard; sourceTree = "<group>"; };
		07B1E2341971EA460034445B /* Images.xcassets */ = {isa = PBXFileReference; lastKnownFileType = folder.assetcatalog; path = Images.xcassets; sourceTree = "<group>"; };
		07B1E23A1971EA460034445B /* LocationFinderTests.xctest */ = {isa = PBXFileReference; explicitFileType = wrapper.cfbundle; includeInIndex = 0; path = LocationFinderTests.xctest; sourceTree = BUILT_PRODUCTS_DIR; };
		07B1E23F1971EA460034445B /* Info.plist */ = {isa = PBXFileReference; lastKnownFileType = text.plist.xml; path = Info.plist; sourceTree = "<group>"; };
		07B1E2401971EA460034445B /* LocationFinderTests.swift */ = {isa = PBXFileReference; lastKnownFileType = sourcecode.swift; path = LocationFinderTests.swift; sourceTree = "<group>"; };
/* End PBXFileReference section */

/* Begin PBXFrameworksBuildPhase section */
		07B1E2221971EA460034445B /* Frameworks */ = {
			isa = PBXFrameworksBuildPhase;
			buildActionMask = 2147483647;
			files = (
			);
			runOnlyForDeploymentPostprocessing = 0;
		};
		07B1E2371971EA460034445B /* Frameworks */ = {
			isa = PBXFrameworksBuildPhase;
			buildActionMask = 2147483647;
			files = (
			);
			runOnlyForDeploymentPostprocessing = 0;
		};
/* End PBXFrameworksBuildPhase section */

/* Begin PBXGroup section */
		07B1E21C1971EA460034445B = {
			isa = PBXGroup;
			children = (
				07B1E2271971EA460034445B /* LocationFinder */,
				07B1E23D1971EA460034445B /* LocationFinderTests */,
				07B1E2261971EA460034445B /* Products */,
			);
			sourceTree = "<group>";
		};
		07B1E2261971EA460034445B /* Products */ = {
			isa = PBXGroup;
			children = (
				07B1E2251971EA460034445B /* LocationFinder.app */,
				07B1E23A1971EA460034445B /* LocationFinderTests.xctest */,
			);
			name = Products;
			sourceTree = "<group>";
		};
		07B1E2271971EA460034445B /* LocationFinder */ = {
			isa = PBXGroup;
			children = (
				07B1E22A1971EA460034445B /* AppDelegate.swift */,
				07B1E22F1971EA460034445B /* ViewController.swift */,
				07B1E2311971EA460034445B /* Main.storyboard */,
				07B1E2341971EA460034445B /* Images.xcassets */,
				07B1E22C1971EA460034445B /* LocationFinder.xcdatamodeld */,
				07B1E2281971EA460034445B /* Supporting Files */,
			);
			path = LocationFinder;
			sourceTree = "<group>";
		};
		07B1E2281971EA460034445B /* Supporting Files */ = {
			isa = PBXGroup;
			children = (
				07B1E2291971EA460034445B /* Info.plist */,
			);
			name = "Supporting Files";
			sourceTree = "<group>";
		};
		07B1E23D1971EA460034445B /* LocationFinderTests */ = {
			isa = PBXGroup;
			children = (
				07B1E2401971EA460034445B /* LocationFinderTests.swift */,
				07B1E23E1971EA460034445B /* Supporting Files */,
			);
			path = LocationFinderTests;
			sourceTree = "<group>";
		};
		07B1E23E1971EA460034445B /* Supporting Files */ = {
			isa = PBXGroup;
			children = (
				07B1E23F1971EA460034445B /* Info.plist */,
			);
			name = "Supporting Files";
			sourceTree = "<group>";
		};
/* End PBXGroup section */

/* Begin PBXNativeTarget section */
		07B1E2241971EA460034445B /* LocationFinder */ = {
			isa = PBXNativeTarget;
			buildConfigurationList = 07B1E2441971EA460034445B /* Build configuration list for PBXNativeTarget "LocationFinder" */;
			buildPhases = (
				07B1E2211971EA460034445B /* Sources */,
				07B1E2221971EA460034445B /* Frameworks */,
				07B1E2231971EA460034445B /* Resources */,
			);
			buildRules = (
			);
			dependencies = (
			);
			name = LocationFinder;
			productName = LocationFinder;
			productReference = 07B1E2251971EA460034445B /* LocationFinder.app */;
			productType = "com.apple.product-type.application";
		};
		07B1E2391971EA460034445B /* LocationFinderTests */ = {
			isa = PBXNativeTarget;
			buildConfigurationList = 07B1E2471971EA460034445B /* Build configuration list for PBXNativeTarget "LocationFinderTests" */;
			buildPhases = (
				07B1E2361971EA460034445B /* Sources */,
				07B1E2371971EA460034445B /* Frameworks */,
				07B1E2381971EA460034445B /* Resources */,
			);
			buildRules = (
			);
			dependencies = (
				07B1E23C1971EA460034445B /* PBXTargetDependency */,
			);
			name = LocationFinderTests;
			productName = LocationFinderTests;
			productReference = 07B1E23A1971EA460034445B /* LocationFinderTests.xctest */;
			productType = "com.apple.product-type.bundle.unit-test";
		};
/* End PBXNativeTarget section */

/* Begin PBXProject section */
		07B1E21D1971EA460034445B /* Project object */ = {
			isa = PBXProject;
			attributes = {
				LastUpgradeCheck = 0600;
				ORGANIZATIONNAME = "Mihir Kelkar";
				TargetAttributes = {
					07B1E2241971EA460034445B = {
						CreatedOnToolsVersion = 6.0;
					};
					07B1E2391971EA460034445B = {
						CreatedOnToolsVersion = 6.0;
						TestTargetID = 07B1E2241971EA460034445B;
					};
				};
			};
			buildConfigurationList = 07B1E2201971EA460034445B /* Build configuration list for PBXProject "LocationFinder" */;
			compatibilityVersion = "Xcode 3.2";
			developmentRegion = English;
			hasScannedForEncodings = 0;
			knownRegions = (
				en,
				Base,
			);
			mainGroup = 07B1E21C1971EA460034445B;
			productRefGroup = 07B1E2261971EA460034445B /* Products */;
			projectDirPath = "";
			projectRoot = "";
			targets = (
				07B1E2241971EA460034445B /* LocationFinder */,
				07B1E2391971EA460034445B /* LocationFinderTests */,
			);
		};
/* End PBXProject section */

/* Begin PBXResourcesBuildPhase section */
		07B1E2231971EA460034445B /* Resources */ = {
			isa = PBXResourcesBuildPhase;
			buildActionMask = 2147483647;
			files = (
				07B1E2331971EA460034445B /* Main.storyboard in Resources */,
				07B1E2351971EA460034445B /* Images.xcassets in Resources */,
			);
			runOnlyForDeploymentPostprocessing = 0;
		};
		07B1E2381971EA460034445B /* Resources */ = {
			isa = PBXResourcesBuildPhase;
			buildActionMask = 2147483647;
			files = (
			);
			runOnlyForDeploymentPostprocessing = 0;
		};
/* End PBXResourcesBuildPhase section */

/* Begin PBXSourcesBuildPhase section */
		07B1E2211971EA460034445B /* Sources */ = {
			isa = PBXSourcesBuildPhase;
			buildActionMask = 2147483647;
			files = (
				07B1E2301971EA460034445B /* ViewController.swift in Sources */,
				07B1E22E1971EA460034445B /* LocationFinder.xcdatamodeld in Sources */,
				07B1E22B1971EA460034445B /* AppDelegate.swift in Sources */,
			);
			runOnlyForDeploymentPostprocessing = 0;
		};
		07B1E2361971EA460034445B /* Sources */ = {
			isa = PBXSourcesBuildPhase;
			buildActionMask = 2147483647;
			files = (
				07B1E2411971EA460034445B /* LocationFinderTests.swift in Sources */,
			);
			runOnlyForDeploymentPostprocessing = 0;
		};
/* End PBXSourcesBuildPhase section */

/* Begin PBXTargetDependency section */
		07B1E23C1971EA460034445B /* PBXTargetDependency */ = {
			isa = PBXTargetDependency;
			target = 07B1E2241971EA460034445B /* LocationFinder */;
			targetProxy = 07B1E23B1971EA460034445B /* PBXContainerItemProxy */;
		};
/* End PBXTargetDependency section */

/* Begin PBXVariantGroup section */
		07B1E2311971EA460034445B /* Main.storyboard */ = {
			isa = PBXVariantGroup;
			children = (
				07B1E2321971EA460034445B /* Base */,
			);
			name = Main.storyboard;
			sourceTree = "<group>";
		};
/* End PBXVariantGroup section */

/* Begin XCBuildConfiguration section */
		07B1E2421971EA460034445B /* Debug */ = {
			isa = XCBuildConfiguration;
			buildSettings = {
				ALWAYS_SEARCH_USER_PATHS = NO;
				CLANG_CXX_LANGUAGE_STANDARD = "gnu++0x";
				CLANG_CXX_LIBRARY = "libc++";
				CLANG_ENABLE_MODULES = YES;
				CLANG_ENABLE_OBJC_ARC = YES;
				CLANG_WARN_BOOL_CONVERSION = YES;
				CLANG_WARN_CONSTANT_CONVERSION = YES;
				CLANG_WARN_DIRECT_OBJC_ISA_USAGE = YES_ERROR;
				CLANG_WARN_EMPTY_BODY = YES;
				CLANG_WARN_ENUM_CONVERSION = YES;
				CLANG_WARN_INT_CONVERSION = YES;
				CLANG_WARN_OBJC_ROOT_CLASS = YES_ERROR;
				CLANG_WARN_UNREACHABLE_CODE = YES;
				CLANG_WARN__DUPLICATE_METHOD_MATCH = YES;
				"CODE_SIGN_IDENTITY[sdk=iphoneos*]" = "iPhone Developer";
				COPY_PHASE_STRIP = NO;
				ENABLE_STRICT_OBJC_MSGSEND = YES;
				GCC_C_LANGUAGE_STANDARD = gnu99;
				GCC_DYNAMIC_NO_PIC = NO;
				GCC_OPTIMIZATION_LEVEL = 0;
				GCC_PREPROCESSOR_DEFINITIONS = (
					"DEBUG=1",
					"$(inherited)",
				);
				GCC_SYMBOLS_PRIVATE_EXTERN = NO;
				GCC_WARN_64_TO_32_BIT_CONVERSION = YES;
				GCC_WARN_ABOUT_RETURN_TYPE = YES_ERROR;
				GCC_WARN_UNDECLARED_SELECTOR = YES;
				GCC_WARN_UNINITIALIZED_AUTOS = YES_AGGRESSIVE;
				GCC_WARN_UNUSED_FUNCTION = YES;
				GCC_WARN_UNUSED_VARIABLE = YES;
				IPHONEOS_DEPLOYMENT_TARGET = 8.0;
				METAL_ENABLE_DEBUG_INFO = YES;
				ONLY_ACTIVE_ARCH = YES;
				SDKROOT = iphoneos;
				SWIFT_OPTIMIZATION_LEVEL = "-Onone";
				TARGETED_DEVICE_FAMILY = "1,2";
			};
			name = Debug;
		};
		07B1E2431971EA460034445B /* Release */ = {
			isa = XCBuildConfiguration;
			buildSettings = {
				ALWAYS_SEARCH_USER_PATHS = NO;
				CLANG_CXX_LANGUAGE_STANDARD = "gnu++0x";
				CLANG_CXX_LIBRARY = "libc++";
				CLANG_ENABLE_MODULES = YES;
				CLANG_ENABLE_OBJC_ARC = YES;
				CLANG_WARN_BOOL_CONVERSION = YES;
				CLANG_WARN_CONSTANT_CONVERSION = YES;
				CLANG_WARN_DIRECT_OBJC_ISA_USAGE = YES_ERROR;
				CLANG_WARN_EMPTY_BODY = YES;
				CLANG_WARN_ENUM_CONVERSION = YES;
				CLANG_WARN_INT_CONVERSION = YES;
				CLANG_WARN_OBJC_ROOT_CLASS = YES_ERROR;
				CLANG_WARN_UNREACHABLE_CODE = YES;
				CLANG_WARN__DUPLICATE_METHOD_MATCH = YES;
				"CODE_SIGN_IDENTITY[sdk=iphoneos*]" = "iPhone Developer";
				COPY_PHASE_STRIP = YES;
				ENABLE_NS_ASSERTIONS = NO;
				ENABLE_STRICT_OBJC_MSGSEND = YES;
				GCC_C_LANGUAGE_STANDARD = gnu99;
				GCC_WARN_64_TO_32_BIT_CONVERSION = YES;
				GCC_WARN_ABOUT_RETURN_TYPE = YES_ERROR;
				GCC_WARN_UNDECLARED_SELECTOR = YES;
				GCC_WARN_UNINITIALIZED_AUTOS = YES_AGGRESSIVE;
				GCC_WARN_UNUSED_FUNCTION = YES;
				GCC_WARN_UNUSED_VARIABLE = YES;
				IPHONEOS_DEPLOYMENT_TARGET = 8.0;
				METAL_ENABLE_DEBUG_INFO = NO;
				SDKROOT = iphoneos;
				TARGETED_DEVICE_FAMILY = "1,2";
				VALIDATE_PRODUCT = YES;
			};
			name = Release;
		};
		07B1E2451971EA460034445B /* Debug */ = {
			isa = XCBuildConfiguration;
			buildSettings = {
				ASSETCATALOG_COMPILER_APPICON_NAME = AppIcon;
				ASSETCATALOG_COMPILER_LAUNCHIMAGE_NAME = LaunchImage;
				INFOPLIST_FILE = LocationFinder/Info.plist;
				LD_RUNPATH_SEARCH_PATHS = "$(inherited) @executable_path/Frameworks";
				PRODUCT_NAME = "$(TARGET_NAME)";
			};
			name = Debug;
		};
		07B1E2461971EA460034445B /* Release */ = {
			isa = XCBuildConfiguration;
			buildSettings = {
				ASSETCATALOG_COMPILER_APPICON_NAME = AppIcon;
				ASSETCATALOG_COMPILER_LAUNCHIMAGE_NAME = LaunchImage;
				INFOPLIST_FILE = LocationFinder/Info.plist;
				LD_RUNPATH_SEARCH_PATHS = "$(inherited) @executable_path/Frameworks";
				PRODUCT_NAME = "$(TARGET_NAME)";
			};
			name = Release;
		};
		07B1E2481971EA460034445B /* Debug */ = {
			isa = XCBuildConfiguration;
			buildSettings = {
				BUNDLE_LOADER = "$(BUILT_PRODUCTS_DIR)/LocationFinder.app/LocationFinder";
				FRAMEWORK_SEARCH_PATHS = (
					"$(SDKROOT)/Developer/Library/Frameworks",
					"$(inherited)",
				);
				GCC_PREPROCESSOR_DEFINITIONS = (
					"DEBUG=1",
					"$(inherited)",
				);
				INFOPLIST_FILE = LocationFinderTests/Info.plist;
				LD_RUNPATH_SEARCH_PATHS = "$(inherited) @executable_path/Frameworks @loader_path/Frameworks";
				METAL_ENABLE_DEBUG_INFO = YES;
				PRODUCT_NAME = "$(TARGET_NAME)";
				TEST_HOST = "$(BUNDLE_LOADER)";
			};
			name = Debug;
		};
		07B1E2491971EA460034445B /* Release */ = {
			isa = XCBuildConfiguration;
			buildSettings = {
				BUNDLE_LOADER = "$(BUILT_PRODUCTS_DIR)/LocationFinder.app/LocationFinder";
				FRAMEWORK_SEARCH_PATHS = (
					"$(SDKROOT)/Developer/Library/Frameworks",
					"$(inherited)",
				);
				INFOPLIST_FILE = LocationFinderTests/Info.plist;
				LD_RUNPATH_SEARCH_PATHS = "$(inherited) @executable_path/Frameworks @loader_path/Frameworks";
				METAL_ENABLE_DEBUG_INFO = NO;
				PRODUCT_NAME = "$(TARGET_NAME)";
				TEST_HOST = "$(BUNDLE_LOADER)";
			};
			name = Release;
		};
/* End XCBuildConfiguration section */

/* Begin XCConfigurationList section */
		07B1E2201971EA460034445B /* Build configuration list for PBXProject "LocationFinder" */ = {
			isa = XCConfigurationList;
			buildConfigurations = (
				07B1E2421971EA460034445B /* Debug */,
				07B1E2431971EA460034445B /* Release */,
			);
			defaultConfigurationIsVisible = 0;
			defaultConfigurationName = Release;
		};
		07B1E2441971EA460034445B /* Build configuration list for PBXNativeTarget "LocationFinder" */ = {
			isa = XCConfigurationList;
			buildConfigurations = (
				07B1E2451971EA460034445B /* Debug */,
				07B1E2461971EA460034445B /* Release */,
			);
			defaultConfigurationIsVisible = 0;
		};
		07B1E2471971EA460034445B /* Build configuration list for PBXNativeTarget "LocationFinderTests" */ = {
			isa = XCConfigurationList;
			buildConfigurations = (
				07B1E2481971EA460034445B /* Debug */,
				07B1E2491971EA460034445B /* Release */,
			);
			defaultConfigurationIsVisible = 0;
		};
/* End XCConfigurationList section */

/* Begin XCVersionGroup section */
		07B1E22C1971EA460034445B /* LocationFinder.xcdatamodeld */ = {
			isa = XCVersionGroup;
			children = (
				07B1E22D1971EA460034445B /* LocationFinder.xcdatamodel */,
			);
			currentVersion = 07B1E22D1971EA460034445B /* LocationFinder.xcdatamodel */;
			path = LocationFinder.xcdatamodeld;
			sourceTree = "<group>";
			versionGroupType = wrapper.xcdatamodel;
		};
/* End XCVersionGroup section */
	};
	rootObject = 07B1E21D1971EA460034445B /* Project object */;
}
