// !$*UTF8*$!
{
	archiveVersion = 1;
	classes = {
	};
	objectVersion = 46;
	objects = {

/* Begin PBXBuildFile section */
		077619F4196E3EA4003326ED /* AppDelegate.swift in Sources */ = {isa = PBXBuildFile; fileRef = 077619F3196E3EA4003326ED /* AppDelegate.swift */; };
		077619F6196E3EA4003326ED /* ViewController.swift in Sources */ = {isa = PBXBuildFile; fileRef = 077619F5196E3EA4003326ED /* ViewController.swift */; };
		077619F9196E3EA4003326ED /* Main.storyboard in Resources */ = {isa = PBXBuildFile; fileRef = 077619F7196E3EA4003326ED /* Main.storyboard */; };
		077619FB196E3EA4003326ED /* Images.xcassets in Resources */ = {isa = PBXBuildFile; fileRef = 077619FA196E3EA4003326ED /* Images.xcassets */; };
		07761A07196E3EA4003326ED /* calculatorTests.swift in Sources */ = {isa = PBXBuildFile; fileRef = 07761A06196E3EA4003326ED /* calculatorTests.swift */; };
/* End PBXBuildFile section */

/* Begin PBXContainerItemProxy section */
		07761A01196E3EA4003326ED /* PBXContainerItemProxy */ = {
			isa = PBXContainerItemProxy;
			containerPortal = 077619E6196E3EA4003326ED /* Project object */;
			proxyType = 1;
			remoteGlobalIDString = 077619ED196E3EA4003326ED;
			remoteInfo = calculator;
		};
/* End PBXContainerItemProxy section */

/* Begin PBXFileReference section */
		077619EE196E3EA4003326ED /* calculator.app */ = {isa = PBXFileReference; explicitFileType = wrapper.application; includeInIndex = 0; path = calculator.app; sourceTree = BUILT_PRODUCTS_DIR; };
		077619F2196E3EA4003326ED /* Info.plist */ = {isa = PBXFileReference; lastKnownFileType = text.plist.xml; path = Info.plist; sourceTree = "<group>"; };
		077619F3196E3EA4003326ED /* AppDelegate.swift */ = {isa = PBXFileReference; lastKnownFileType = sourcecode.swift; path = AppDelegate.swift; sourceTree = "<group>"; };
		077619F5196E3EA4003326ED /* ViewController.swift */ = {isa = PBXFileReference; lastKnownFileType = sourcecode.swift; path = ViewController.swift; sourceTree = "<group>"; };
		077619F8196E3EA4003326ED /* Base */ = {isa = PBXFileReference; lastKnownFileType = file.storyboard; name = Base; path = Base.lproj/Main.storyboard; sourceTree = "<group>"; };
		077619FA196E3EA4003326ED /* Images.xcassets */ = {isa = PBXFileReference; lastKnownFileType = folder.assetcatalog; path = Images.xcassets; sourceTree = "<group>"; };
		07761A00196E3EA4003326ED /* calculatorTests.xctest */ = {isa = PBXFileReference; explicitFileType = wrapper.cfbundle; includeInIndex = 0; path = calculatorTests.xctest; sourceTree = BUILT_PRODUCTS_DIR; };
		07761A05196E3EA4003326ED /* Info.plist */ = {isa = PBXFileReference; lastKnownFileType = text.plist.xml; path = Info.plist; sourceTree = "<group>"; };
		07761A06196E3EA4003326ED /* calculatorTests.swift */ = {isa = PBXFileReference; lastKnownFileType = sourcecode.swift; path = calculatorTests.swift; sourceTree = "<group>"; };
/* End PBXFileReference section */

/* Begin PBXFrameworksBuildPhase section */
		077619EB196E3EA4003326ED /* Frameworks */ = {
			isa = PBXFrameworksBuildPhase;
			buildActionMask = 2147483647;
			files = (
			);
			runOnlyForDeploymentPostprocessing = 0;
		};
		077619FD196E3EA4003326ED /* Frameworks */ = {
			isa = PBXFrameworksBuildPhase;
			buildActionMask = 2147483647;
			files = (
			);
			runOnlyForDeploymentPostprocessing = 0;
		};
/* End PBXFrameworksBuildPhase section */

/* Begin PBXGroup section */
		077619E5196E3EA4003326ED = {
			isa = PBXGroup;
			children = (
				077619F0196E3EA4003326ED /* calculator */,
				07761A03196E3EA4003326ED /* calculatorTests */,
				077619EF196E3EA4003326ED /* Products */,
			);
			sourceTree = "<group>";
		};
		077619EF196E3EA4003326ED /* Products */ = {
			isa = PBXGroup;
			children = (
				077619EE196E3EA4003326ED /* calculator.app */,
				07761A00196E3EA4003326ED /* calculatorTests.xctest */,
			);
			name = Products;
			sourceTree = "<group>";
		};
		077619F0196E3EA4003326ED /* calculator */ = {
			isa = PBXGroup;
			children = (
				077619F3196E3EA4003326ED /* AppDelegate.swift */,
				077619F5196E3EA4003326ED /* ViewController.swift */,
				077619F7196E3EA4003326ED /* Main.storyboard */,
				077619FA196E3EA4003326ED /* Images.xcassets */,
				077619F1196E3EA4003326ED /* Supporting Files */,
			);
			path = calculator;
			sourceTree = "<group>";
		};
		077619F1196E3EA4003326ED /* Supporting Files */ = {
			isa = PBXGroup;
			children = (
				077619F2196E3EA4003326ED /* Info.plist */,
			);
			name = "Supporting Files";
			sourceTree = "<group>";
		};
		07761A03196E3EA4003326ED /* calculatorTests */ = {
			isa = PBXGroup;
			children = (
				07761A06196E3EA4003326ED /* calculatorTests.swift */,
				07761A04196E3EA4003326ED /* Supporting Files */,
			);
			path = calculatorTests;
			sourceTree = "<group>";
		};
		07761A04196E3EA4003326ED /* Supporting Files */ = {
			isa = PBXGroup;
			children = (
				07761A05196E3EA4003326ED /* Info.plist */,
			);
			name = "Supporting Files";
			sourceTree = "<group>";
		};
/* End PBXGroup section */

/* Begin PBXNativeTarget section */
		077619ED196E3EA4003326ED /* calculator */ = {
			isa = PBXNativeTarget;
			buildConfigurationList = 07761A0A196E3EA4003326ED /* Build configuration list for PBXNativeTarget "calculator" */;
			buildPhases = (
				077619EA196E3EA4003326ED /* Sources */,
				077619EB196E3EA4003326ED /* Frameworks */,
				077619EC196E3EA4003326ED /* Resources */,
			);
			buildRules = (
			);
			dependencies = (
			);
			name = calculator;
			productName = calculator;
			productReference = 077619EE196E3EA4003326ED /* calculator.app */;
			productType = "com.apple.product-type.application";
		};
		077619FF196E3EA4003326ED /* calculatorTests */ = {
			isa = PBXNativeTarget;
			buildConfigurationList = 07761A0D196E3EA4003326ED /* Build configuration list for PBXNativeTarget "calculatorTests" */;
			buildPhases = (
				077619FC196E3EA4003326ED /* Sources */,
				077619FD196E3EA4003326ED /* Frameworks */,
				077619FE196E3EA4003326ED /* Resources */,
			);
			buildRules = (
			);
			dependencies = (
				07761A02196E3EA4003326ED /* PBXTargetDependency */,
			);
			name = calculatorTests;
			productName = calculatorTests;
			productReference = 07761A00196E3EA4003326ED /* calculatorTests.xctest */;
			productType = "com.apple.product-type.bundle.unit-test";
		};
/* End PBXNativeTarget section */

/* Begin PBXProject section */
		077619E6196E3EA4003326ED /* Project object */ = {
			isa = PBXProject;
			attributes = {
				LastUpgradeCheck = 0600;
				ORGANIZATIONNAME = "Mihir Kelkar";
				TargetAttributes = {
					077619ED196E3EA4003326ED = {
						CreatedOnToolsVersion = 6.0;
					};
					077619FF196E3EA4003326ED = {
						CreatedOnToolsVersion = 6.0;
						TestTargetID = 077619ED196E3EA4003326ED;
					};
				};
			};
			buildConfigurationList = 077619E9196E3EA4003326ED /* Build configuration list for PBXProject "calculator" */;
			compatibilityVersion = "Xcode 3.2";
			developmentRegion = English;
			hasScannedForEncodings = 0;
			knownRegions = (
				en,
				Base,
			);
			mainGroup = 077619E5196E3EA4003326ED;
			productRefGroup = 077619EF196E3EA4003326ED /* Products */;
			projectDirPath = "";
			projectRoot = "";
			targets = (
				077619ED196E3EA4003326ED /* calculator */,
				077619FF196E3EA4003326ED /* calculatorTests */,
			);
		};
/* End PBXProject section */

/* Begin PBXResourcesBuildPhase section */
		077619EC196E3EA4003326ED /* Resources */ = {
			isa = PBXResourcesBuildPhase;
			buildActionMask = 2147483647;
			files = (
				077619F9196E3EA4003326ED /* Main.storyboard in Resources */,
				077619FB196E3EA4003326ED /* Images.xcassets in Resources */,
			);
			runOnlyForDeploymentPostprocessing = 0;
		};
		077619FE196E3EA4003326ED /* Resources */ = {
			isa = PBXResourcesBuildPhase;
			buildActionMask = 2147483647;
			files = (
			);
			runOnlyForDeploymentPostprocessing = 0;
		};
/* End PBXResourcesBuildPhase section */

/* Begin PBXSourcesBuildPhase section */
		077619EA196E3EA4003326ED /* Sources */ = {
			isa = PBXSourcesBuildPhase;
			buildActionMask = 2147483647;
			files = (
				077619F6196E3EA4003326ED /* ViewController.swift in Sources */,
				077619F4196E3EA4003326ED /* AppDelegate.swift in Sources */,
			);
			runOnlyForDeploymentPostprocessing = 0;
		};
		077619FC196E3EA4003326ED /* Sources */ = {
			isa = PBXSourcesBuildPhase;
			buildActionMask = 2147483647;
			files = (
				07761A07196E3EA4003326ED /* calculatorTests.swift in Sources */,
			);
			runOnlyForDeploymentPostprocessing = 0;
		};
/* End PBXSourcesBuildPhase section */

/* Begin PBXTargetDependency section */
		07761A02196E3EA4003326ED /* PBXTargetDependency */ = {
			isa = PBXTargetDependency;
			target = 077619ED196E3EA4003326ED /* calculator */;
			targetProxy = 07761A01196E3EA4003326ED /* PBXContainerItemProxy */;
		};
/* End PBXTargetDependency section */

/* Begin PBXVariantGroup section */
		077619F7196E3EA4003326ED /* Main.storyboard */ = {
			isa = PBXVariantGroup;
			children = (
				077619F8196E3EA4003326ED /* Base */,
			);
			name = Main.storyboard;
			sourceTree = "<group>";
		};
/* End PBXVariantGroup section */

/* Begin XCBuildConfiguration section */
		07761A08196E3EA4003326ED /* Debug */ = {
			isa = XCBuildConfiguration;
			buildSettings = {
				ALWAYS_SEARCH_USER_PATHS = NO;
				CLANG_CXX_LANGUAGE_STANDARD = "gnu++0x";
				CLANG_CXX_LIBRARY = "libc++";
				CLANG_ENABLE_MODULES = YES;
				CLANG_ENABLE_OBJC_ARC = YES;
				CLANG_WARN_BOOL_CONVERSION = YES;
				CLANG_WARN_CONSTANT_CONVERSION = YES;
				CLANG_WARN_DIRECT_OBJC_ISA_USAGE = YES_ERROR;
				CLANG_WARN_EMPTY_BODY = YES;
				CLANG_WARN_ENUM_CONVERSION = YES;
				CLANG_WARN_INT_CONVERSION = YES;
				CLANG_WARN_OBJC_ROOT_CLASS = YES_ERROR;
				CLANG_WARN_UNREACHABLE_CODE = YES;
				CLANG_WARN__DUPLICATE_METHOD_MATCH = YES;
				"CODE_SIGN_IDENTITY[sdk=iphoneos*]" = "iPhone Developer";
				COPY_PHASE_STRIP = NO;
				ENABLE_STRICT_OBJC_MSGSEND = YES;
				GCC_C_LANGUAGE_STANDARD = gnu99;
				GCC_DYNAMIC_NO_PIC = NO;
				GCC_OPTIMIZATION_LEVEL = 0;
				GCC_PREPROCESSOR_DEFINITIONS = (
					"DEBUG=1",
					"$(inherited)",
				);
				GCC_SYMBOLS_PRIVATE_EXTERN = NO;
				GCC_WARN_64_TO_32_BIT_CONVERSION = YES;
				GCC_WARN_ABOUT_RETURN_TYPE = YES_ERROR;
				GCC_WARN_UNDECLARED_SELECTOR = YES;
				GCC_WARN_UNINITIALIZED_AUTOS = YES_AGGRESSIVE;
				GCC_WARN_UNUSED_FUNCTION = YES;
				GCC_WARN_UNUSED_VARIABLE = YES;
				IPHONEOS_DEPLOYMENT_TARGET = 8.0;
				METAL_ENABLE_DEBUG_INFO = YES;
				ONLY_ACTIVE_ARCH = YES;
				SDKROOT = iphoneos;
				SWIFT_OPTIMIZATION_LEVEL = "-Onone";
				TARGETED_DEVICE_FAMILY = "1,2";
			};
			name = Debug;
		};
		07761A09196E3EA4003326ED /* Release */ = {
			isa = XCBuildConfiguration;
			buildSettings = {
				ALWAYS_SEARCH_USER_PATHS = NO;
				CLANG_CXX_LANGUAGE_STANDARD = "gnu++0x";
				CLANG_CXX_LIBRARY = "libc++";
				CLANG_ENABLE_MODULES = YES;
				CLANG_ENABLE_OBJC_ARC = YES;
				CLANG_WARN_BOOL_CONVERSION = YES;
				CLANG_WARN_CONSTANT_CONVERSION = YES;
				CLANG_WARN_DIRECT_OBJC_ISA_USAGE = YES_ERROR;
				CLANG_WARN_EMPTY_BODY = YES;
				CLANG_WARN_ENUM_CONVERSION = YES;
				CLANG_WARN_INT_CONVERSION = YES;
				CLANG_WARN_OBJC_ROOT_CLASS = YES_ERROR;
				CLANG_WARN_UNREACHABLE_CODE = YES;
				CLANG_WARN__DUPLICATE_METHOD_MATCH = YES;
				"CODE_SIGN_IDENTITY[sdk=iphoneos*]" = "iPhone Developer";
				COPY_PHASE_STRIP = YES;
				ENABLE_NS_ASSERTIONS = NO;
				ENABLE_STRICT_OBJC_MSGSEND = YES;
				GCC_C_LANGUAGE_STANDARD = gnu99;
				GCC_WARN_64_TO_32_BIT_CONVERSION = YES;
				GCC_WARN_ABOUT_RETURN_TYPE = YES_ERROR;
				GCC_WARN_UNDECLARED_SELECTOR = YES;
				GCC_WARN_UNINITIALIZED_AUTOS = YES_AGGRESSIVE;
				GCC_WARN_UNUSED_FUNCTION = YES;
				GCC_WARN_UNUSED_VARIABLE = YES;
				IPHONEOS_DEPLOYMENT_TARGET = 8.0;
				METAL_ENABLE_DEBUG_INFO = NO;
				SDKROOT = iphoneos;
				TARGETED_DEVICE_FAMILY = "1,2";
				VALIDATE_PRODUCT = YES;
			};
			name = Release;
		};
		07761A0B196E3EA4003326ED /* Debug */ = {
			isa = XCBuildConfiguration;
			buildSettings = {
				ASSETCATALOG_COMPILER_APPICON_NAME = AppIcon;
				ASSETCATALOG_COMPILER_LAUNCHIMAGE_NAME = LaunchImage;
				INFOPLIST_FILE = calculator/Info.plist;
				LD_RUNPATH_SEARCH_PATHS = "$(inherited) @executable_path/Frameworks";
				PRODUCT_NAME = "$(TARGET_NAME)";
			};
			name = Debug;
		};
		07761A0C196E3EA4003326ED /* Release */ = {
			isa = XCBuildConfiguration;
			buildSettings = {
				ASSETCATALOG_COMPILER_APPICON_NAME = AppIcon;
				ASSETCATALOG_COMPILER_LAUNCHIMAGE_NAME = LaunchImage;
				INFOPLIST_FILE = calculator/Info.plist;
				LD_RUNPATH_SEARCH_PATHS = "$(inherited) @executable_path/Frameworks";
				PRODUCT_NAME = "$(TARGET_NAME)";
			};
			name = Release;
		};
		07761A0E196E3EA4003326ED /* Debug */ = {
			isa = XCBuildConfiguration;
			buildSettings = {
				BUNDLE_LOADER = "$(BUILT_PRODUCTS_DIR)/calculator.app/calculator";
				FRAMEWORK_SEARCH_PATHS = (
					"$(SDKROOT)/Developer/Library/Frameworks",
					"$(inherited)",
				);
				GCC_PREPROCESSOR_DEFINITIONS = (
					"DEBUG=1",
					"$(inherited)",
				);
				INFOPLIST_FILE = calculatorTests/Info.plist;
				LD_RUNPATH_SEARCH_PATHS = "$(inherited) @executable_path/Frameworks @loader_path/Frameworks";
				METAL_ENABLE_DEBUG_INFO = YES;
				PRODUCT_NAME = "$(TARGET_NAME)";
				TEST_HOST = "$(BUNDLE_LOADER)";
			};
			name = Debug;
		};
		07761A0F196E3EA4003326ED /* Release */ = {
			isa = XCBuildConfiguration;
			buildSettings = {
				BUNDLE_LOADER = "$(BUILT_PRODUCTS_DIR)/calculator.app/calculator";
				FRAMEWORK_SEARCH_PATHS = (
					"$(SDKROOT)/Developer/Library/Frameworks",
					"$(inherited)",
				);
				INFOPLIST_FILE = calculatorTests/Info.plist;
				LD_RUNPATH_SEARCH_PATHS = "$(inherited) @executable_path/Frameworks @loader_path/Frameworks";
				METAL_ENABLE_DEBUG_INFO = NO;
				PRODUCT_NAME = "$(TARGET_NAME)";
				TEST_HOST = "$(BUNDLE_LOADER)";
			};
			name = Release;
		};
/* End XCBuildConfiguration section */

/* Begin XCConfigurationList section */
		077619E9196E3EA4003326ED /* Build configuration list for PBXProject "calculator" */ = {
			isa = XCConfigurationList;
			buildConfigurations = (
				07761A08196E3EA4003326ED /* Debug */,
				07761A09196E3EA4003326ED /* Release */,
			);
			defaultConfigurationIsVisible = 0;
			defaultConfigurationName = Release;
		};
		07761A0A196E3EA4003326ED /* Build configuration list for PBXNativeTarget "calculator" */ = {
			isa = XCConfigurationList;
			buildConfigurations = (
				07761A0B196E3EA4003326ED /* Debug */,
				07761A0C196E3EA4003326ED /* Release */,
			);
			defaultConfigurationIsVisible = 0;
		};
		07761A0D196E3EA4003326ED /* Build configuration list for PBXNativeTarget "calculatorTests" */ = {
			isa = XCConfigurationList;
			buildConfigurations = (
				07761A0E196E3EA4003326ED /* Debug */,
				07761A0F196E3EA4003326ED /* Release */,
			);
			defaultConfigurationIsVisible = 0;
		};
/* End XCConfigurationList section */
	};
	rootObject = 077619E6196E3EA4003326ED /* Project object */;
}
